
Microsoft Visual Studio Solution File, Format Version 12.00
# Visual Studio Version 17
VisualStudioVersion = 17.1.32421.90
MinimumVisualStudioVersion = 10.0.40219.1
Project("{FAE04EC0-301F-11D3-BF4B-00C04F79EFBC}") = "GitHubActionsApi", "GitHubActionsApi\GitHubActionsApi.csproj", "{AB7DADAE-E140-4BF6-8048-B2E5CFE9B2FC}"
EndProject
Project("{FAE04EC0-301F-11D3-BF4B-00C04F79EFBC}") = "GitHubActionsApi.Tests", "GitHubActionsApi.Tests\GitHubActionsApi.Tests.csproj", "{56625134-7CDD-4001-8173-9593D3057B53}"
EndProject
Global
	GlobalSection(SolutionConfigurationPlatforms) = preSolution
		Debug|Any CPU = Debug|Any CPU
		Release|Any CPU = Release|Any CPU
	EndGlobalSection
	GlobalSection(ProjectConfigurationPlatforms) = postSolution
		{AB7DADAE-E140-4BF6-8048-B2E5CFE9B2FC}.Debug|Any CPU.ActiveCfg = Debug|Any CPU
		{AB7DADAE-E140-4BF6-8048-B2E5CFE9B2FC}.Debug|Any CPU.Build.0 = Debug|Any CPU
		{AB7DADAE-E140-4BF6-8048-B2E5CFE9B2FC}.Release|Any CPU.ActiveCfg = Release|Any CPU
		{AB7DADAE-E140-4BF6-8048-B2E5CFE9B2FC}.Release|Any CPU.Build.0 = Release|Any CPU
		{56625134-7CDD-4001-8173-9593D3057B53}.Debug|Any CPU.ActiveCfg = Debug|Any CPU
		{56625134-7CDD-4001-8173-9593D3057B53}.Debug|Any CPU.Build.0 = Debug|Any CPU
		{56625134-7CDD-4001-8173-9593D3057B53}.Release|Any CPU.ActiveCfg = Release|Any CPU
		{56625134-7CDD-4001-8173-9593D3057B53}.Release|Any CPU.Build.0 = Release|Any CPU
	EndGlobalSection
	GlobalSection(SolutionProperties) = preSolution
		HideSolutionNode = FALSE
	EndGlobalSection
	GlobalSection(ExtensibilityGlobals) = postSolution
		SolutionGuid = {704B535A-C7DB-4440-8B8A-4B4F509C70A1}
	EndGlobalSection
EndGlobal
